// !$*UTF8*$!
{
	archiveVersion = 1;
	classes = {
	};
	objectVersion = 51;
	objects = {

/* Begin PBXBuildFile section */
		2296F3E462DE79581FEF0FD7 /* Pods_YeolpumtaClone.framework in Frameworks */ = {isa = PBXBuildFile; fileRef = F240E6EDDA8440264E1F9D6E /* Pods_YeolpumtaClone.framework */; };
		428C96FB2680CBB3009B8E0D /* CalendarCell.swift in Sources */ = {isa = PBXBuildFile; fileRef = 428C96F62680CBB3009B8E0D /* CalendarCell.swift */; };
		428C96FC2680CBB3009B8E0D /* StatisticsCell.swift in Sources */ = {isa = PBXBuildFile; fileRef = 428C96F72680CBB3009B8E0D /* StatisticsCell.swift */; };
		428C96FD2680CBB3009B8E0D /* MenuBar.swift in Sources */ = {isa = PBXBuildFile; fileRef = 428C96F82680CBB3009B8E0D /* MenuBar.swift */; };
		428C96FE2680CBB3009B8E0D /* MenuBarCell.swift in Sources */ = {isa = PBXBuildFile; fileRef = 428C96F92680CBB3009B8E0D /* MenuBarCell.swift */; };
		428C96FF2680CBB3009B8E0D /* Statistics.swift in Sources */ = {isa = PBXBuildFile; fileRef = 428C96FA2680CBB3009B8E0D /* Statistics.swift */; };
		428C97012680CBBF009B8E0D /* Utilities.swift in Sources */ = {isa = PBXBuildFile; fileRef = 428C97002680CBBF009B8E0D /* Utilities.swift */; };
		42B1F6A32685C7A100CDE321 /* AddObjectController.swift in Sources */ = {isa = PBXBuildFile; fileRef = 42B1F6A22685C7A100CDE321 /* AddObjectController.swift */; };
		6B3A20B5267606B800F3D04C /* AppDelegate.swift in Sources */ = {isa = PBXBuildFile; fileRef = 6B3A20B4267606B800F3D04C /* AppDelegate.swift */; };
		6B3A20B7267606B800F3D04C /* SceneDelegate.swift in Sources */ = {isa = PBXBuildFile; fileRef = 6B3A20B6267606B800F3D04C /* SceneDelegate.swift */; };
		6B3A20BE267606BA00F3D04C /* Assets.xcassets in Resources */ = {isa = PBXBuildFile; fileRef = 6B3A20BD267606BA00F3D04C /* Assets.xcassets */; };
		6B3A20C1267606BA00F3D04C /* LaunchScreen.storyboard in Resources */ = {isa = PBXBuildFile; fileRef = 6B3A20BF267606BA00F3D04C /* LaunchScreen.storyboard */; };
		6B3A20CF2676077900F3D04C /* InsightsViewController.swift in Sources */ = {isa = PBXBuildFile; fileRef = 6B3A20CE2676077900F3D04C /* InsightsViewController.swift */; };
		6B3A20D12676078900F3D04C /* HomeViewController.swift in Sources */ = {isa = PBXBuildFile; fileRef = 6B3A20D02676078900F3D04C /* HomeViewController.swift */; };
		6B3A20D32676079000F3D04C /* RankingViewController.swift in Sources */ = {isa = PBXBuildFile; fileRef = 6B3A20D22676079000F3D04C /* RankingViewController.swift */; };
		6B3A20D5267607A900F3D04C /* MainTabViewController.swift in Sources */ = {isa = PBXBuildFile; fileRef = 6B3A20D4267607A900F3D04C /* MainTabViewController.swift */; };
		6B3A20DC267611FA00F3D04C /* Constants.swift in Sources */ = {isa = PBXBuildFile; fileRef = 6B3A20DB267611FA00F3D04C /* Constants.swift */; };
		6BC6F030267B630A0080A172 /* UIColor+Ext.swift in Sources */ = {isa = PBXBuildFile; fileRef = 6BC6F02F267B630A0080A172 /* UIColor+Ext.swift */; };
		6BC6F032267B69E10080A172 /* HomeSectionCell.swift in Sources */ = {isa = PBXBuildFile; fileRef = 6BC6F031267B69E10080A172 /* HomeSectionCell.swift */; };
		6BC6F037267B6E030080A172 /* HomeTimerCell.swift in Sources */ = {isa = PBXBuildFile; fileRef = 6BC6F036267B6E030080A172 /* HomeTimerCell.swift */; };
		6BC6F03A267B747F0080A172 /* HomeAddGoalCell.swift in Sources */ = {isa = PBXBuildFile; fileRef = 6BC6F039267B747F0080A172 /* HomeAddGoalCell.swift */; };
		BD6A4526267B1EF9001F4808 /* FirstViewController.swift in Sources */ = {isa = PBXBuildFile; fileRef = BD6A4525267B1EF9001F4808 /* FirstViewController.swift */; };
		BD6A4529267B387E001F4808 /* LoginViewController.swift in Sources */ = {isa = PBXBuildFile; fileRef = BD6A4528267B387E001F4808 /* LoginViewController.swift */; };
		BD6A452C267B389B001F4808 /* RegisterViewController.swift in Sources */ = {isa = PBXBuildFile; fileRef = BD6A452B267B389B001F4808 /* RegisterViewController.swift */; };
/* End PBXBuildFile section */

/* Begin PBXFileReference section */
		03174D305EDA1C3BA6C26926 /* Pods-YeolpumtaClone.release.xcconfig */ = {isa = PBXFileReference; includeInIndex = 1; lastKnownFileType = text.xcconfig; name = "Pods-YeolpumtaClone.release.xcconfig"; path = "Target Support Files/Pods-YeolpumtaClone/Pods-YeolpumtaClone.release.xcconfig"; sourceTree = "<group>"; };
		15BB2CD8CEE5BA889310A14D /* Pods-YeolpumtaClone.debug.xcconfig */ = {isa = PBXFileReference; includeInIndex = 1; lastKnownFileType = text.xcconfig; name = "Pods-YeolpumtaClone.debug.xcconfig"; path = "Target Support Files/Pods-YeolpumtaClone/Pods-YeolpumtaClone.debug.xcconfig"; sourceTree = "<group>"; };
		428C96F62680CBB3009B8E0D /* CalendarCell.swift */ = {isa = PBXFileReference; fileEncoding = 4; lastKnownFileType = sourcecode.swift; path = CalendarCell.swift; sourceTree = "<group>"; };
		428C96F72680CBB3009B8E0D /* StatisticsCell.swift */ = {isa = PBXFileReference; fileEncoding = 4; lastKnownFileType = sourcecode.swift; path = StatisticsCell.swift; sourceTree = "<group>"; };
		428C96F82680CBB3009B8E0D /* MenuBar.swift */ = {isa = PBXFileReference; fileEncoding = 4; lastKnownFileType = sourcecode.swift; path = MenuBar.swift; sourceTree = "<group>"; };
		428C96F92680CBB3009B8E0D /* MenuBarCell.swift */ = {isa = PBXFileReference; fileEncoding = 4; lastKnownFileType = sourcecode.swift; path = MenuBarCell.swift; sourceTree = "<group>"; };
		428C96FA2680CBB3009B8E0D /* Statistics.swift */ = {isa = PBXFileReference; fileEncoding = 4; lastKnownFileType = sourcecode.swift; path = Statistics.swift; sourceTree = "<group>"; };
		428C97002680CBBF009B8E0D /* Utilities.swift */ = {isa = PBXFileReference; fileEncoding = 4; lastKnownFileType = sourcecode.swift; path = Utilities.swift; sourceTree = "<group>"; };
		42B1F6A22685C7A100CDE321 /* AddObjectController.swift */ = {isa = PBXFileReference; lastKnownFileType = sourcecode.swift; path = AddObjectController.swift; sourceTree = "<group>"; };
		6B3A20B1267606B800F3D04C /* YeolpumtaClone.app */ = {isa = PBXFileReference; explicitFileType = wrapper.application; includeInIndex = 0; path = YeolpumtaClone.app; sourceTree = BUILT_PRODUCTS_DIR; };
		6B3A20B4267606B800F3D04C /* AppDelegate.swift */ = {isa = PBXFileReference; lastKnownFileType = sourcecode.swift; path = AppDelegate.swift; sourceTree = "<group>"; };
		6B3A20B6267606B800F3D04C /* SceneDelegate.swift */ = {isa = PBXFileReference; lastKnownFileType = sourcecode.swift; path = SceneDelegate.swift; sourceTree = "<group>"; };
		6B3A20BD267606BA00F3D04C /* Assets.xcassets */ = {isa = PBXFileReference; lastKnownFileType = folder.assetcatalog; path = Assets.xcassets; sourceTree = "<group>"; };
		6B3A20C0267606BA00F3D04C /* Base */ = {isa = PBXFileReference; lastKnownFileType = file.storyboard; name = Base; path = Base.lproj/LaunchScreen.storyboard; sourceTree = "<group>"; };
		6B3A20C2267606BA00F3D04C /* Info.plist */ = {isa = PBXFileReference; lastKnownFileType = text.plist.xml; path = Info.plist; sourceTree = "<group>"; };
		6B3A20CE2676077900F3D04C /* InsightsViewController.swift */ = {isa = PBXFileReference; lastKnownFileType = sourcecode.swift; path = InsightsViewController.swift; sourceTree = "<group>"; };
		6B3A20D02676078900F3D04C /* HomeViewController.swift */ = {isa = PBXFileReference; lastKnownFileType = sourcecode.swift; path = HomeViewController.swift; sourceTree = "<group>"; };
		6B3A20D22676079000F3D04C /* RankingViewController.swift */ = {isa = PBXFileReference; lastKnownFileType = sourcecode.swift; path = RankingViewController.swift; sourceTree = "<group>"; };
		6B3A20D4267607A900F3D04C /* MainTabViewController.swift */ = {isa = PBXFileReference; lastKnownFileType = sourcecode.swift; path = MainTabViewController.swift; sourceTree = "<group>"; };
		6B3A20DB267611FA00F3D04C /* Constants.swift */ = {isa = PBXFileReference; lastKnownFileType = sourcecode.swift; path = Constants.swift; sourceTree = "<group>"; };
		6BC6F02F267B630A0080A172 /* UIColor+Ext.swift */ = {isa = PBXFileReference; lastKnownFileType = sourcecode.swift; path = "UIColor+Ext.swift"; sourceTree = "<group>"; };
		6BC6F031267B69E10080A172 /* HomeSectionCell.swift */ = {isa = PBXFileReference; lastKnownFileType = sourcecode.swift; path = HomeSectionCell.swift; sourceTree = "<group>"; };
		6BC6F036267B6E030080A172 /* HomeTimerCell.swift */ = {isa = PBXFileReference; lastKnownFileType = sourcecode.swift; path = HomeTimerCell.swift; sourceTree = "<group>"; };
		6BC6F039267B747F0080A172 /* HomeAddGoalCell.swift */ = {isa = PBXFileReference; lastKnownFileType = sourcecode.swift; path = HomeAddGoalCell.swift; sourceTree = "<group>"; };
		BD6A4525267B1EF9001F4808 /* FirstViewController.swift */ = {isa = PBXFileReference; lastKnownFileType = sourcecode.swift; path = FirstViewController.swift; sourceTree = "<group>"; };
		BD6A4528267B387E001F4808 /* LoginViewController.swift */ = {isa = PBXFileReference; lastKnownFileType = sourcecode.swift; path = LoginViewController.swift; sourceTree = "<group>"; };
		BD6A452B267B389B001F4808 /* RegisterViewController.swift */ = {isa = PBXFileReference; lastKnownFileType = sourcecode.swift; path = RegisterViewController.swift; sourceTree = "<group>"; };
		F240E6EDDA8440264E1F9D6E /* Pods_YeolpumtaClone.framework */ = {isa = PBXFileReference; explicitFileType = wrapper.framework; includeInIndex = 0; path = Pods_YeolpumtaClone.framework; sourceTree = BUILT_PRODUCTS_DIR; };
/* End PBXFileReference section */

/* Begin PBXFrameworksBuildPhase section */
		6B3A20AE267606B800F3D04C /* Frameworks */ = {
			isa = PBXFrameworksBuildPhase;
			buildActionMask = 2147483647;
			files = (
				2296F3E462DE79581FEF0FD7 /* Pods_YeolpumtaClone.framework in Frameworks */,
			);
			runOnlyForDeploymentPostprocessing = 0;
		};
/* End PBXFrameworksBuildPhase section */

/* Begin PBXGroup section */
		170E71EA68B7D5CF51DA70E2 /* Pods */ = {
			isa = PBXGroup;
			children = (
				15BB2CD8CEE5BA889310A14D /* Pods-YeolpumtaClone.debug.xcconfig */,
				03174D305EDA1C3BA6C26926 /* Pods-YeolpumtaClone.release.xcconfig */,
			);
			path = Pods;
			sourceTree = "<group>";
		};
		428C96F52680CB3D009B8E0D /* Insights */ = {
			isa = PBXGroup;
			children = (
				428C96F62680CBB3009B8E0D /* CalendarCell.swift */,
				428C96F82680CBB3009B8E0D /* MenuBar.swift */,
				428C96F92680CBB3009B8E0D /* MenuBarCell.swift */,
				428C96FA2680CBB3009B8E0D /* Statistics.swift */,
				428C96F72680CBB3009B8E0D /* StatisticsCell.swift */,
			);
			path = Insights;
			sourceTree = "<group>";
		};
		6B3A20A8267606B800F3D04C = {
			isa = PBXGroup;
			children = (
				6B3A20B3267606B800F3D04C /* YeolpumtaClone */,
				6B3A20B2267606B800F3D04C /* Products */,
				170E71EA68B7D5CF51DA70E2 /* Pods */,
				E280C946E6342DDEB592DFA6 /* Frameworks */,
			);
			sourceTree = "<group>";
		};
		6B3A20B2267606B800F3D04C /* Products */ = {
			isa = PBXGroup;
			children = (
				6B3A20B1267606B800F3D04C /* YeolpumtaClone.app */,
			);
			name = Products;
			sourceTree = "<group>";
		};
		6B3A20B3267606B800F3D04C /* YeolpumtaClone */ = {
			isa = PBXGroup;
			children = (
				6BC6F02E267B63010080A172 /* Extension */,
				6B3A20DA267611E700F3D04C /* Constant */,
				6B3A20CB2676073C00F3D04C /* Model */,
				6B3A20CA2676073A00F3D04C /* View */,
				6B3A20C92676073800F3D04C /* Controller */,
				6B3A20CD2676074800F3D04C /* Service */,
				6B3A20C82676072B00F3D04C /* Resource */,
				6B3A20C2267606BA00F3D04C /* Info.plist */,
			);
			path = YeolpumtaClone;
			sourceTree = "<group>";
		};
		6B3A20C82676072B00F3D04C /* Resource */ = {
			isa = PBXGroup;
			children = (
				6B3A20B4267606B800F3D04C /* AppDelegate.swift */,
				6B3A20B6267606B800F3D04C /* SceneDelegate.swift */,
				6B3A20BD267606BA00F3D04C /* Assets.xcassets */,
				6B3A20BF267606BA00F3D04C /* LaunchScreen.storyboard */,
			);
			path = Resource;
			sourceTree = "<group>";
		};
		6B3A20C92676073800F3D04C /* Controller */ = {
			isa = PBXGroup;
			children = (
				6BC6F033267B6B970080A172 /* Home */,
				BD6A4524267B1E05001F4808 /* Login */,
				6B3A20D4267607A900F3D04C /* MainTabViewController.swift */,
				6B3A20CE2676077900F3D04C /* InsightsViewController.swift */,
				6B3A20D22676079000F3D04C /* RankingViewController.swift */,
			);
			path = Controller;
			sourceTree = "<group>";
		};
		6B3A20CA2676073A00F3D04C /* View */ = {
			isa = PBXGroup;
			children = (
				428C96F52680CB3D009B8E0D /* Insights */,
				6BC6F038267B6E050080A172 /* Home */,
			);
			path = View;
			sourceTree = "<group>";
		};
		6B3A20CB2676073C00F3D04C /* Model */ = {
			isa = PBXGroup;
			children = (
			);
			path = Model;
			sourceTree = "<group>";
		};
		6B3A20CD2676074800F3D04C /* Service */ = {
			isa = PBXGroup;
			children = (
			);
			path = Service;
			sourceTree = "<group>";
		};
		6B3A20DA267611E700F3D04C /* Constant */ = {
			isa = PBXGroup;
			children = (
				428C97002680CBBF009B8E0D /* Utilities.swift */,
				6B3A20DB267611FA00F3D04C /* Constants.swift */,
			);
			path = Constant;
			sourceTree = "<group>";
		};
		6BC6F02E267B63010080A172 /* Extension */ = {
			isa = PBXGroup;
			children = (
				6BC6F02F267B630A0080A172 /* UIColor+Ext.swift */,
			);
			path = Extension;
			sourceTree = "<group>";
		};
		6BC6F033267B6B970080A172 /* Home */ = {
			isa = PBXGroup;
			children = (
				6B3A20D02676078900F3D04C /* HomeViewController.swift */,
				42B1F6A22685C7A100CDE321 /* AddObjectController.swift */,
			);
			path = Home;
			sourceTree = "<group>";
		};
		6BC6F038267B6E050080A172 /* Home */ = {
			isa = PBXGroup;
			children = (
				6BC6F031267B69E10080A172 /* HomeSectionCell.swift */,
				6BC6F036267B6E030080A172 /* HomeTimerCell.swift */,
				6BC6F039267B747F0080A172 /* HomeAddGoalCell.swift */,
			);
			path = Home;
			sourceTree = "<group>";
		};
		BD6A4524267B1E05001F4808 /* Login */ = {
			isa = PBXGroup;
			children = (
				BD6A4525267B1EF9001F4808 /* FirstViewController.swift */,
				BD6A4528267B387E001F4808 /* LoginViewController.swift */,
				BD6A452B267B389B001F4808 /* RegisterViewController.swift */,
			);
			path = Login;
			sourceTree = "<group>";
		};
		E280C946E6342DDEB592DFA6 /* Frameworks */ = {
			isa = PBXGroup;
			children = (
				F240E6EDDA8440264E1F9D6E /* Pods_YeolpumtaClone.framework */,
			);
			name = Frameworks;
			sourceTree = "<group>";
		};
/* End PBXGroup section */

/* Begin PBXNativeTarget section */
		6B3A20B0267606B800F3D04C /* YeolpumtaClone */ = {
			isa = PBXNativeTarget;
			buildConfigurationList = 6B3A20C5267606BA00F3D04C /* Build configuration list for PBXNativeTarget "YeolpumtaClone" */;
			buildPhases = (
				89C7F045168ECBF0B0F4AB15 /* [CP] Check Pods Manifest.lock */,
				6B3A20AD267606B800F3D04C /* Sources */,
				6B3A20AE267606B800F3D04C /* Frameworks */,
				6B3A20AF267606B800F3D04C /* Resources */,
				AE103FAA83B0EE3587D457E0 /* [CP] Embed Pods Frameworks */,
			);
			buildRules = (
			);
			dependencies = (
			);
			name = YeolpumtaClone;
			productName = YeolpumtaClone;
			productReference = 6B3A20B1267606B800F3D04C /* YeolpumtaClone.app */;
			productType = "com.apple.product-type.application";
		};
/* End PBXNativeTarget section */

/* Begin PBXProject section */
		6B3A20A9267606B800F3D04C /* Project object */ = {
			isa = PBXProject;
			attributes = {
				LastSwiftUpdateCheck = 1250;
				LastUpgradeCheck = 1250;
				TargetAttributes = {
					6B3A20B0267606B800F3D04C = {
						CreatedOnToolsVersion = 12.5;
					};
				};
			};
			buildConfigurationList = 6B3A20AC267606B800F3D04C /* Build configuration list for PBXProject "YeolpumtaClone" */;
			compatibilityVersion = "Xcode 9.3";
			developmentRegion = en;
			hasScannedForEncodings = 0;
			knownRegions = (
				en,
				Base,
			);
			mainGroup = 6B3A20A8267606B800F3D04C;
			productRefGroup = 6B3A20B2267606B800F3D04C /* Products */;
			projectDirPath = "";
			projectRoot = "";
			targets = (
				6B3A20B0267606B800F3D04C /* YeolpumtaClone */,
			);
		};
/* End PBXProject section */

/* Begin PBXResourcesBuildPhase section */
		6B3A20AF267606B800F3D04C /* Resources */ = {
			isa = PBXResourcesBuildPhase;
			buildActionMask = 2147483647;
			files = (
				6B3A20C1267606BA00F3D04C /* LaunchScreen.storyboard in Resources */,
				6B3A20BE267606BA00F3D04C /* Assets.xcassets in Resources */,
			);
			runOnlyForDeploymentPostprocessing = 0;
		};
/* End PBXResourcesBuildPhase section */

/* Begin PBXShellScriptBuildPhase section */
		89C7F045168ECBF0B0F4AB15 /* [CP] Check Pods Manifest.lock */ = {
			isa = PBXShellScriptBuildPhase;
			buildActionMask = 2147483647;
			files = (
			);
			inputFileListPaths = (
			);
			inputPaths = (
				"${PODS_PODFILE_DIR_PATH}/Podfile.lock",
				"${PODS_ROOT}/Manifest.lock",
			);
			name = "[CP] Check Pods Manifest.lock";
			outputFileListPaths = (
			);
			outputPaths = (
				"$(DERIVED_FILE_DIR)/Pods-YeolpumtaClone-checkManifestLockResult.txt",
			);
			runOnlyForDeploymentPostprocessing = 0;
			shellPath = /bin/sh;
			shellScript = "diff \"${PODS_PODFILE_DIR_PATH}/Podfile.lock\" \"${PODS_ROOT}/Manifest.lock\" > /dev/null\nif [ $? != 0 ] ; then\n    # print error to STDERR\n    echo \"error: The sandbox is not in sync with the Podfile.lock. Run 'pod install' or update your CocoaPods installation.\" >&2\n    exit 1\nfi\n# This output is used by Xcode 'outputs' to avoid re-running this script phase.\necho \"SUCCESS\" > \"${SCRIPT_OUTPUT_FILE_0}\"\n";
			showEnvVarsInLog = 0;
		};
		AE103FAA83B0EE3587D457E0 /* [CP] Embed Pods Frameworks */ = {
			isa = PBXShellScriptBuildPhase;
			buildActionMask = 2147483647;
			files = (
			);
			inputFileListPaths = (
				"${PODS_ROOT}/Target Support Files/Pods-YeolpumtaClone/Pods-YeolpumtaClone-frameworks-${CONFIGURATION}-input-files.xcfilelist",
			);
			name = "[CP] Embed Pods Frameworks";
			outputFileListPaths = (
				"${PODS_ROOT}/Target Support Files/Pods-YeolpumtaClone/Pods-YeolpumtaClone-frameworks-${CONFIGURATION}-output-files.xcfilelist",
			);
			runOnlyForDeploymentPostprocessing = 0;
			shellPath = /bin/sh;
			shellScript = "\"${PODS_ROOT}/Target Support Files/Pods-YeolpumtaClone/Pods-YeolpumtaClone-frameworks.sh\"\n";
			showEnvVarsInLog = 0;
		};
/* End PBXShellScriptBuildPhase section */

/* Begin PBXSourcesBuildPhase section */
		6B3A20AD267606B800F3D04C /* Sources */ = {
			isa = PBXSourcesBuildPhase;
			buildActionMask = 2147483647;
			files = (
				BD6A4529267B387E001F4808 /* LoginViewController.swift in Sources */,
				BD6A452C267B389B001F4808 /* RegisterViewController.swift in Sources */,
				6BC6F032267B69E10080A172 /* HomeSectionCell.swift in Sources */,
				6B3A20D32676079000F3D04C /* RankingViewController.swift in Sources */,
				428C96FB2680CBB3009B8E0D /* CalendarCell.swift in Sources */,
				6B3A20B5267606B800F3D04C /* AppDelegate.swift in Sources */,
				6BC6F030267B630A0080A172 /* UIColor+Ext.swift in Sources */,
				428C96FF2680CBB3009B8E0D /* Statistics.swift in Sources */,
				6B3A20B7267606B800F3D04C /* SceneDelegate.swift in Sources */,
				BD6A4526267B1EF9001F4808 /* FirstViewController.swift in Sources */,
				428C96FD2680CBB3009B8E0D /* MenuBar.swift in Sources */,
				6B3A20CF2676077900F3D04C /* InsightsViewController.swift in Sources */,
				428C96FC2680CBB3009B8E0D /* StatisticsCell.swift in Sources */,
				6B3A20D12676078900F3D04C /* HomeViewController.swift in Sources */,
				6B3A20D5267607A900F3D04C /* MainTabViewController.swift in Sources */,
				428C96FE2680CBB3009B8E0D /* MenuBarCell.swift in Sources */,
				6BC6F03A267B747F0080A172 /* HomeAddGoalCell.swift in Sources */,
				42B1F6A32685C7A100CDE321 /* AddObjectController.swift in Sources */,
				6BC6F037267B6E030080A172 /* HomeTimerCell.swift in Sources */,
				428C97012680CBBF009B8E0D /* Utilities.swift in Sources */,
				6B3A20DC267611FA00F3D04C /* Constants.swift in Sources */,
			);
			runOnlyForDeploymentPostprocessing = 0;
		};
/* End PBXSourcesBuildPhase section */

/* Begin PBXVariantGroup section */
		6B3A20BF267606BA00F3D04C /* LaunchScreen.storyboard */ = {
			isa = PBXVariantGroup;
			children = (
				6B3A20C0267606BA00F3D04C /* Base */,
			);
			name = LaunchScreen.storyboard;
			sourceTree = "<group>";
		};
/* End PBXVariantGroup section */

/* Begin XCBuildConfiguration section */
		6B3A20C3267606BA00F3D04C /* Debug */ = {
			isa = XCBuildConfiguration;
			buildSettings = {
				ALWAYS_SEARCH_USER_PATHS = NO;
				CLANG_ANALYZER_NONNULL = YES;
				CLANG_ANALYZER_NUMBER_OBJECT_CONVERSION = YES_AGGRESSIVE;
				CLANG_CXX_LANGUAGE_STANDARD = "gnu++14";
				CLANG_CXX_LIBRARY = "libc++";
				CLANG_ENABLE_MODULES = YES;
				CLANG_ENABLE_OBJC_ARC = YES;
				CLANG_ENABLE_OBJC_WEAK = YES;
				CLANG_WARN_BLOCK_CAPTURE_AUTORELEASING = YES;
				CLANG_WARN_BOOL_CONVERSION = YES;
				CLANG_WARN_COMMA = YES;
				CLANG_WARN_CONSTANT_CONVERSION = YES;
				CLANG_WARN_DEPRECATED_OBJC_IMPLEMENTATIONS = YES;
				CLANG_WARN_DIRECT_OBJC_ISA_USAGE = YES_ERROR;
				CLANG_WARN_DOCUMENTATION_COMMENTS = YES;
				CLANG_WARN_EMPTY_BODY = YES;
				CLANG_WARN_ENUM_CONVERSION = YES;
				CLANG_WARN_INFINITE_RECURSION = YES;
				CLANG_WARN_INT_CONVERSION = YES;
				CLANG_WARN_NON_LITERAL_NULL_CONVERSION = YES;
				CLANG_WARN_OBJC_IMPLICIT_RETAIN_SELF = YES;
				CLANG_WARN_OBJC_LITERAL_CONVERSION = YES;
				CLANG_WARN_OBJC_ROOT_CLASS = YES_ERROR;
				CLANG_WARN_QUOTED_INCLUDE_IN_FRAMEWORK_HEADER = YES;
				CLANG_WARN_RANGE_LOOP_ANALYSIS = YES;
				CLANG_WARN_STRICT_PROTOTYPES = YES;
				CLANG_WARN_SUSPICIOUS_MOVE = YES;
				CLANG_WARN_UNGUARDED_AVAILABILITY = YES_AGGRESSIVE;
				CLANG_WARN_UNREACHABLE_CODE = YES;
				CLANG_WARN__DUPLICATE_METHOD_MATCH = YES;
				COPY_PHASE_STRIP = NO;
				DEBUG_INFORMATION_FORMAT = dwarf;
				ENABLE_STRICT_OBJC_MSGSEND = YES;
				ENABLE_TESTABILITY = YES;
				GCC_C_LANGUAGE_STANDARD = gnu11;
				GCC_DYNAMIC_NO_PIC = NO;
				GCC_NO_COMMON_BLOCKS = YES;
				GCC_OPTIMIZATION_LEVEL = 0;
				GCC_PREPROCESSOR_DEFINITIONS = (
					"DEBUG=1",
					"$(inherited)",
				);
				GCC_WARN_64_TO_32_BIT_CONVERSION = YES;
				GCC_WARN_ABOUT_RETURN_TYPE = YES_ERROR;
				GCC_WARN_UNDECLARED_SELECTOR = YES;
				GCC_WARN_UNINITIALIZED_AUTOS = YES_AGGRESSIVE;
				GCC_WARN_UNUSED_FUNCTION = YES;
				GCC_WARN_UNUSED_VARIABLE = YES;
				IPHONEOS_DEPLOYMENT_TARGET = 14.5;
				MTL_ENABLE_DEBUG_INFO = INCLUDE_SOURCE;
				MTL_FAST_MATH = YES;
				ONLY_ACTIVE_ARCH = YES;
				SDKROOT = iphoneos;
				SWIFT_ACTIVE_COMPILATION_CONDITIONS = DEBUG;
				SWIFT_OPTIMIZATION_LEVEL = "-Onone";
			};
			name = Debug;
		};
		6B3A20C4267606BA00F3D04C /* Release */ = {
			isa = XCBuildConfiguration;
			buildSettings = {
				ALWAYS_SEARCH_USER_PATHS = NO;
				CLANG_ANALYZER_NONNULL = YES;
				CLANG_ANALYZER_NUMBER_OBJECT_CONVERSION = YES_AGGRESSIVE;
				CLANG_CXX_LANGUAGE_STANDARD = "gnu++14";
				CLANG_CXX_LIBRARY = "libc++";
				CLANG_ENABLE_MODULES = YES;
				CLANG_ENABLE_OBJC_ARC = YES;
				CLANG_ENABLE_OBJC_WEAK = YES;
				CLANG_WARN_BLOCK_CAPTURE_AUTORELEASING = YES;
				CLANG_WARN_BOOL_CONVERSION = YES;
				CLANG_WARN_COMMA = YES;
				CLANG_WARN_CONSTANT_CONVERSION = YES;
				CLANG_WARN_DEPRECATED_OBJC_IMPLEMENTATIONS = YES;
				CLANG_WARN_DIRECT_OBJC_ISA_USAGE = YES_ERROR;
				CLANG_WARN_DOCUMENTATION_COMMENTS = YES;
				CLANG_WARN_EMPTY_BODY = YES;
				CLANG_WARN_ENUM_CONVERSION = YES;
				CLANG_WARN_INFINITE_RECURSION = YES;
				CLANG_WARN_INT_CONVERSION = YES;
				CLANG_WARN_NON_LITERAL_NULL_CONVERSION = YES;
				CLANG_WARN_OBJC_IMPLICIT_RETAIN_SELF = YES;
				CLANG_WARN_OBJC_LITERAL_CONVERSION = YES;
				CLANG_WARN_OBJC_ROOT_CLASS = YES_ERROR;
				CLANG_WARN_QUOTED_INCLUDE_IN_FRAMEWORK_HEADER = YES;
				CLANG_WARN_RANGE_LOOP_ANALYSIS = YES;
				CLANG_WARN_STRICT_PROTOTYPES = YES;
				CLANG_WARN_SUSPICIOUS_MOVE = YES;
				CLANG_WARN_UNGUARDED_AVAILABILITY = YES_AGGRESSIVE;
				CLANG_WARN_UNREACHABLE_CODE = YES;
				CLANG_WARN__DUPLICATE_METHOD_MATCH = YES;
				COPY_PHASE_STRIP = NO;
				DEBUG_INFORMATION_FORMAT = "dwarf-with-dsym";
				ENABLE_NS_ASSERTIONS = NO;
				ENABLE_STRICT_OBJC_MSGSEND = YES;
				GCC_C_LANGUAGE_STANDARD = gnu11;
				GCC_NO_COMMON_BLOCKS = YES;
				GCC_WARN_64_TO_32_BIT_CONVERSION = YES;
				GCC_WARN_ABOUT_RETURN_TYPE = YES_ERROR;
				GCC_WARN_UNDECLARED_SELECTOR = YES;
				GCC_WARN_UNINITIALIZED_AUTOS = YES_AGGRESSIVE;
				GCC_WARN_UNUSED_FUNCTION = YES;
				GCC_WARN_UNUSED_VARIABLE = YES;
				IPHONEOS_DEPLOYMENT_TARGET = 14.5;
				MTL_ENABLE_DEBUG_INFO = NO;
				MTL_FAST_MATH = YES;
				SDKROOT = iphoneos;
				SWIFT_COMPILATION_MODE = wholemodule;
				SWIFT_OPTIMIZATION_LEVEL = "-O";
				VALIDATE_PRODUCT = YES;
			};
			name = Release;
		};
		6B3A20C6267606BA00F3D04C /* Debug */ = {
			isa = XCBuildConfiguration;
			baseConfigurationReference = 15BB2CD8CEE5BA889310A14D /* Pods-YeolpumtaClone.debug.xcconfig */;
			buildSettings = {
				ASSETCATALOG_COMPILER_APPICON_NAME = AppIcon;
				ASSETCATALOG_COMPILER_GLOBAL_ACCENT_COLOR_NAME = AccentColor;
				CODE_SIGN_STYLE = Automatic;
				DEVELOPMENT_TEAM = T77G9YWYU5;
				INFOPLIST_FILE = YeolpumtaClone/Info.plist;
				IPHONEOS_DEPLOYMENT_TARGET = 13.0;
				LD_RUNPATH_SEARCH_PATHS = (
					"$(inherited)",
					"@executable_path/Frameworks",
				);
				PRODUCT_BUNDLE_IDENTIFIER = com.jt0504.YeolpumtaClone;
				PRODUCT_NAME = "$(TARGET_NAME)";
				SWIFT_VERSION = 5.0;
				TARGETED_DEVICE_FAMILY = "1,2";
			};
			name = Debug;
		};
		6B3A20C7267606BA00F3D04C /* Release */ = {
			isa = XCBuildConfiguration;
			baseConfigurationReference = 03174D305EDA1C3BA6C26926 /* Pods-YeolpumtaClone.release.xcconfig */;
			buildSettings = {
				ASSETCATALOG_COMPILER_APPICON_NAME = AppIcon;
				ASSETCATALOG_COMPILER_GLOBAL_ACCENT_COLOR_NAME = AccentColor;
				CODE_SIGN_STYLE = Automatic;
				DEVELOPMENT_TEAM = T77G9YWYU5;
				INFOPLIST_FILE = YeolpumtaClone/Info.plist;
				IPHONEOS_DEPLOYMENT_TARGET = 13.0;
				LD_RUNPATH_SEARCH_PATHS = (
					"$(inherited)",
					"@executable_path/Frameworks",
				);
				PRODUCT_BUNDLE_IDENTIFIER = com.jt0504.YeolpumtaClone;
				PRODUCT_NAME = "$(TARGET_NAME)";
				SWIFT_VERSION = 5.0;
				TARGETED_DEVICE_FAMILY = "1,2";
			};
			name = Release;
		};
/* End XCBuildConfiguration section */

/* Begin XCConfigurationList section */
		6B3A20AC267606B800F3D04C /* Build configuration list for PBXProject "YeolpumtaClone" */ = {
			isa = XCConfigurationList;
			buildConfigurations = (
				6B3A20C3267606BA00F3D04C /* Debug */,
				6B3A20C4267606BA00F3D04C /* Release */,
			);
			defaultConfigurationIsVisible = 0;
			defaultConfigurationName = Release;
		};
		6B3A20C5267606BA00F3D04C /* Build configuration list for PBXNativeTarget "YeolpumtaClone" */ = {
			isa = XCConfigurationList;
			buildConfigurations = (
				6B3A20C6267606BA00F3D04C /* Debug */,
				6B3A20C7267606BA00F3D04C /* Release */,
			);
			defaultConfigurationIsVisible = 0;
			defaultConfigurationName = Release;
		};
/* End XCConfigurationList section */
	};
	rootObject = 6B3A20A9267606B800F3D04C /* Project object */;
}
